
Microsoft Visual Studio Solution File, Format Version 12.00
# Visual Studio Version 16
VisualStudioVersion = 16.0.34114.132
MinimumVisualStudioVersion = 10.0.40219.1
Project("{FAE04EC0-301F-11D3-BF4B-00C04F79EFBC}") = "WPFClientForNotesWebAPI", "WPFClientForNotesWebAPI\WPFClientForNotesWebAPI.csproj", "{09DEA60B-808A-4090-BE2F-559358E5222F}"
EndProject
Global
	GlobalSection(SolutionConfigurationPlatforms) = preSolution
		Debug|Any CPU = Debug|Any CPU
		Release|Any CPU = Release|Any CPU
	EndGlobalSection
	GlobalSection(ProjectConfigurationPlatforms) = postSolution
		{09DEA60B-808A-4090-BE2F-559358E5222F}.Debug|Any CPU.ActiveCfg = Debug|Any CPU
		{09DEA60B-808A-4090-BE2F-559358E5222F}.Debug|Any CPU.Build.0 = Debug|Any CPU
		{09DEA60B-808A-4090-BE2F-559358E5222F}.Release|Any CPU.ActiveCfg = Release|Any CPU
		{09DEA60B-808A-4090-BE2F-559358E5222F}.Release|Any CPU.Build.0 = Release|Any CPU
	EndGlobalSection
	GlobalSection(SolutionProperties) = preSolution
		HideSolutionNode = FALSE
	EndGlobalSection
	GlobalSection(ExtensibilityGlobals) = postSolution
		SolutionGuid = {6A849ABE-0CA5-4830-A86D-452E2DE87533}
	EndGlobalSection
EndGlobal
